{
  "name": "@aniojs/node-openssl-config-gen",
  "version": "0.0.1",
  "lockfileVersion": 3,
  "requires": true,
  "packages": {
    "": {
      "name": "@aniojs/node-openssl-config-gen",
      "version": "0.0.1",
      "license": "MIT",
      "devDependencies": {
        "@enkore-target/js-node": "^0.0.12",
        "@enkore/core": "^0.7.3",
        "enkore": "^0.0.31"
      }
    },
    "node_modules/@enkore-target/js-node": {
      "version": "0.0.12",
      "resolved": "https://registry.npmjs.org/@enkore-target/js-node/-/js-node-0.0.12.tgz",
      "integrity": "sha512-O4QoAHyrTdOcvHcpat7BBMoMpSwDhIiMu6fbIYvFPz7kFjbljGJWw5sgZJpP1rAiNuYAOyh/otbmC9WfKpBNBw==",
      "dev": true,
      "license": "MIT",
      "peerDependencies": {
        "@types/node": ">=22.7.x"
      }
    },
    "node_modules/@enkore/core": {
      "version": "0.7.3",
      "resolved": "https://registry.npmjs.org/@enkore/core/-/core-0.7.3.tgz",
      "integrity": "sha512-3gTj/V1U+P1XXeo2ZHm8BY1hgebt70Ia2A6XPibbj9Bm9pL4diw/tPTSdCr5bEIhvTh6qjONUKditIsJ7z7d8g==",
      "dev": true,
      "license": "MIT"
    },
    "node_modules/@types/node": {
      "version": "22.15.17",
      "resolved": "https://registry.npmjs.org/@types/node/-/node-22.15.17.tgz",
      "integrity": "sha512-wIX2aSZL5FE+MR0JlvF87BNVrtFWf6AE6rxSE9X7OwnVvoyCQjpzSRJ+M87se/4QCkCiebQAqrJ0y6fwIyi7nw==",
      "dev": true,
      "license": "MIT",
      "peer": true,
      "dependencies": {
        "undici-types": "~6.21.0"
      }
    },
    "node_modules/enkore": {
      "version": "0.0.31",
      "resolved": "https://registry.npmjs.org/enkore/-/enkore-0.0.31.tgz",
      "integrity": "sha512-Bg3RGRN9AA05UkvKS2X/3mKHAQAnl9mlRgVhBC1BsUL6V5vLv9j9M5QKfAw9AO+fwwSUA4SP9omUq/ugj9bJBQ==",
      "dev": true,
      "license": "MIT",
      "bin": {
        "enkore": "cli.mjs"
      }
    },
    "node_modules/undici-types": {
      "version": "6.21.0",
      "resolved": "https://registry.npmjs.org/undici-types/-/undici-types-6.21.0.tgz",
      "integrity": "sha512-iwDZqg0QAGrg9Rav5H4n0M64c3mkR59cJ6wQp+7C4nI0gsmExaedaYLNO44eT4AtBBwjbTiGPMlt2Md0T9H9JQ==",
      "dev": true,
      "license": "MIT",
      "peer": true
    }
  }
}
